
Microsoft Visual Studio Solution File, Format Version 12.00
# Visual Studio Version 17
VisualStudioVersion = 17.0.32112.339
MinimumVisualStudioVersion = 10.0.40219.1
Project("{FAE04EC0-301F-11D3-BF4B-00C04F79EFBC}") = "CRUD-NET6-EF-SQL", "CRUD-NET6-EF-SQL\CRUD-NET6-EF-SQL.csproj", "{5B7F8F20-D7B6-4C23-8113-8E5559FEE71E}"
EndProject
Global
	GlobalSection(SolutionConfigurationPlatforms) = preSolution
		Debug|Any CPU = Debug|Any CPU
		Release|Any CPU = Release|Any CPU
	EndGlobalSection
	GlobalSection(ProjectConfigurationPlatforms) = postSolution
		{5B7F8F20-D7B6-4C23-8113-8E5559FEE71E}.Debug|Any CPU.ActiveCfg = Debug|Any CPU
		{5B7F8F20-D7B6-4C23-8113-8E5559FEE71E}.Debug|Any CPU.Build.0 = Debug|Any CPU
		{5B7F8F20-D7B6-4C23-8113-8E5559FEE71E}.Release|Any CPU.ActiveCfg = Release|Any CPU
		{5B7F8F20-D7B6-4C23-8113-8E5559FEE71E}.Release|Any CPU.Build.0 = Release|Any CPU
	EndGlobalSection
	GlobalSection(SolutionProperties) = preSolution
		HideSolutionNode = FALSE
	EndGlobalSection
	GlobalSection(ExtensibilityGlobals) = postSolution
		SolutionGuid = {B4F6FB7A-BCA1-4CAC-B1AC-6DC2C2F65532}
	EndGlobalSection
EndGlobal
